
Microsoft Visual Studio Solution File, Format Version 12.00
# Visual Studio Version 17
VisualStudioVersion = 17.7.34018.315
MinimumVisualStudioVersion = 10.0.40219.1
Project("{2150E333-8FDC-42A3-9474-1A3956D46DE8}") = "Services", "Services", "{3B3CD3B0-4B0E-4EB4-B887-BF4DF1BE9092}"
EndProject
Project("{2150E333-8FDC-42A3-9474-1A3956D46DE8}") = "Catalog", "Catalog", "{8EB3FFCE-8EFE-494F-B244-B7764450E4CB}"
EndProject
Project("{9A19103F-16F7-4668-BE54-9A1E7A4F7556}") = "FreeCourse.Services.Catalog", "Services\Catalog\FreeCourse.Services.Catalog\FreeCourse.Services.Catalog.csproj", "{649F0AAC-DAF0-4C3A-ACD5-19F57DD7286E}"
EndProject
Project("{2150E333-8FDC-42A3-9474-1A3956D46DE8}") = "Solution Items", "Solution Items", "{1394FC97-72E2-4B53-A455-EA0F921BA259}"
	ProjectSection(SolutionItems) = preProject
		Ports.txt = Ports.txt
	EndProjectSection
EndProject
Project("{2150E333-8FDC-42A3-9474-1A3956D46DE8}") = "Shared", "Shared", "{8253DF52-8B52-463F-B4CD-7BE8AAB7B8C9}"
EndProject
Project("{9A19103F-16F7-4668-BE54-9A1E7A4F7556}") = "FreeCourse.Shared", "Shared\FreeCourse.Shared\FreeCourse.Shared.csproj", "{7859E783-43BE-4813-917B-128BB505A70E}"
EndProject
Project("{2150E333-8FDC-42A3-9474-1A3956D46DE8}") = "IdentityServer", "IdentityServer", "{55FC9DD6-690E-4D09-8DEE-82CBD2C9601F}"
EndProject
Project("{9A19103F-16F7-4668-BE54-9A1E7A4F7556}") = "FreeCourse.IdentityServer", "IdentityServer\FreeCourse.IdentityServer\FreeCourse.IdentityServer.csproj", "{B774BF4A-AFBD-4D97-A032-5AD15952717C}"
EndProject
Project("{2150E333-8FDC-42A3-9474-1A3956D46DE8}") = "PhotoStock", "PhotoStock", "{FAE74236-7757-4F01-A19A-277C6FA5A798}"
EndProject
Project("{9A19103F-16F7-4668-BE54-9A1E7A4F7556}") = "FreeCourse.Services.PhotoStock", "Services\PhotoStock\FreeCourse.Services.PhotoStock\FreeCourse.Services.PhotoStock.csproj", "{2F631C61-A87A-48AD-B0ED-E6A227454BC6}"
EndProject
Project("{2150E333-8FDC-42A3-9474-1A3956D46DE8}") = "Basket", "Basket", "{9A184727-6635-4D3C-8231-48E594D3EE3B}"
EndProject
Project("{9A19103F-16F7-4668-BE54-9A1E7A4F7556}") = "FreeCourse.Services.Basket", "Services\Basket\FreeCourse.Services.Basket\FreeCourse.Services.Basket.csproj", "{795D834E-AF5B-415D-B831-7B27F4A75BC1}"
EndProject
Project("{2150E333-8FDC-42A3-9474-1A3956D46DE8}") = "Discount", "Discount", "{4D8B8486-7164-4128-90FF-0CE91AA49438}"
EndProject
Project("{9A19103F-16F7-4668-BE54-9A1E7A4F7556}") = "FreeCourse.Services.Discount", "Services\Discount\FreeCourse.Services.Discount\FreeCourse.Services.Discount.csproj", "{8D35C524-97CF-43D1-B641-6DCE9F1C6F8B}"
EndProject
Project("{2150E333-8FDC-42A3-9474-1A3956D46DE8}") = "Order", "Order", "{C098C830-EE27-41A4-AD71-9961298B3565}"
EndProject
Project("{FAE04EC0-301F-11D3-BF4B-00C04F79EFBC}") = "FreeCourse.Services.Order.API", "Services\Order\FreeCourse.Services.Order.API\FreeCourse.Services.Order.API.csproj", "{71D83417-E919-4D2B-AE2C-C4BD0A681D71}"
EndProject
Project("{FAE04EC0-301F-11D3-BF4B-00C04F79EFBC}") = "FreeCourse.Services.Order.Application", "Services\Order\FreeCourse.Services.Order.Application\FreeCourse.Services.Order.Application.csproj", "{839E1786-ADA9-41D4-A643-C2E53FF893A6}"
EndProject
Project("{FAE04EC0-301F-11D3-BF4B-00C04F79EFBC}") = "FreeCourse.Services.Order.Domain", "Services\Order\FreeCourse.Services.Order.Domain\FreeCourse.Services.Order.Domain.csproj", "{1ED3B786-022D-4DB9-B9C0-20B2E1C147B5}"
EndProject
Project("{FAE04EC0-301F-11D3-BF4B-00C04F79EFBC}") = "FreeCourse.Services.Order.Domain.Core", "Services\Order\FreeCourse.Services.Order.Domain.Core\FreeCourse.Services.Order.Domain.Core.csproj", "{8DBDEADA-23E0-4F59-829C-91DD12481190}"
EndProject
Project("{FAE04EC0-301F-11D3-BF4B-00C04F79EFBC}") = "FreeCourse.Services.Order.Infrastructure", "Services\Order\FreeCourse.Services.Order.Infrastructure\FreeCourse.Services.Order.Infrastructure.csproj", "{E3C0CBB6-80DC-44B4-8042-FF9ED281FCDF}"
EndProject
Project("{2150E333-8FDC-42A3-9474-1A3956D46DE8}") = "FakePayment", "FakePayment", "{499E84F3-3636-44ED-BFE0-69130C4246A4}"
EndProject
Project("{FAE04EC0-301F-11D3-BF4B-00C04F79EFBC}") = "FreeCourse.Services.FakePayment", "Services\FakePayment\FreeCourse.Services.FakePayment\FreeCourse.Services.FakePayment.csproj", "{BD34E726-ACF4-40D6-91C0-9EDD1FE2861F}"
EndProject
Global
	GlobalSection(SolutionConfigurationPlatforms) = preSolution
		Debug|Any CPU = Debug|Any CPU
		Release|Any CPU = Release|Any CPU
	EndGlobalSection
	GlobalSection(ProjectConfigurationPlatforms) = postSolution
		{649F0AAC-DAF0-4C3A-ACD5-19F57DD7286E}.Debug|Any CPU.ActiveCfg = Debug|Any CPU
		{649F0AAC-DAF0-4C3A-ACD5-19F57DD7286E}.Debug|Any CPU.Build.0 = Debug|Any CPU
		{649F0AAC-DAF0-4C3A-ACD5-19F57DD7286E}.Release|Any CPU.ActiveCfg = Release|Any CPU
		{649F0AAC-DAF0-4C3A-ACD5-19F57DD7286E}.Release|Any CPU.Build.0 = Release|Any CPU
		{7859E783-43BE-4813-917B-128BB505A70E}.Debug|Any CPU.ActiveCfg = Debug|Any CPU
		{7859E783-43BE-4813-917B-128BB505A70E}.Debug|Any CPU.Build.0 = Debug|Any CPU
		{7859E783-43BE-4813-917B-128BB505A70E}.Release|Any CPU.ActiveCfg = Release|Any CPU
		{7859E783-43BE-4813-917B-128BB505A70E}.Release|Any CPU.Build.0 = Release|Any CPU
		{B774BF4A-AFBD-4D97-A032-5AD15952717C}.Debug|Any CPU.ActiveCfg = Debug|Any CPU
		{B774BF4A-AFBD-4D97-A032-5AD15952717C}.Debug|Any CPU.Build.0 = Debug|Any CPU
		{B774BF4A-AFBD-4D97-A032-5AD15952717C}.Release|Any CPU.ActiveCfg = Release|Any CPU
		{B774BF4A-AFBD-4D97-A032-5AD15952717C}.Release|Any CPU.Build.0 = Release|Any CPU
		{2F631C61-A87A-48AD-B0ED-E6A227454BC6}.Debug|Any CPU.ActiveCfg = Debug|Any CPU
		{2F631C61-A87A-48AD-B0ED-E6A227454BC6}.Debug|Any CPU.Build.0 = Debug|Any CPU
		{2F631C61-A87A-48AD-B0ED-E6A227454BC6}.Release|Any CPU.ActiveCfg = Release|Any CPU
		{2F631C61-A87A-48AD-B0ED-E6A227454BC6}.Release|Any CPU.Build.0 = Release|Any CPU
		{795D834E-AF5B-415D-B831-7B27F4A75BC1}.Debug|Any CPU.ActiveCfg = Debug|Any CPU
		{795D834E-AF5B-415D-B831-7B27F4A75BC1}.Debug|Any CPU.Build.0 = Debug|Any CPU
		{795D834E-AF5B-415D-B831-7B27F4A75BC1}.Release|Any CPU.ActiveCfg = Release|Any CPU
		{795D834E-AF5B-415D-B831-7B27F4A75BC1}.Release|Any CPU.Build.0 = Release|Any CPU
		{8D35C524-97CF-43D1-B641-6DCE9F1C6F8B}.Debug|Any CPU.ActiveCfg = Debug|Any CPU
		{8D35C524-97CF-43D1-B641-6DCE9F1C6F8B}.Debug|Any CPU.Build.0 = Debug|Any CPU
		{8D35C524-97CF-43D1-B641-6DCE9F1C6F8B}.Release|Any CPU.ActiveCfg = Release|Any CPU
		{8D35C524-97CF-43D1-B641-6DCE9F1C6F8B}.Release|Any CPU.Build.0 = Release|Any CPU
		{71D83417-E919-4D2B-AE2C-C4BD0A681D71}.Debug|Any CPU.ActiveCfg = Debug|Any CPU
		{71D83417-E919-4D2B-AE2C-C4BD0A681D71}.Debug|Any CPU.Build.0 = Debug|Any CPU
		{71D83417-E919-4D2B-AE2C-C4BD0A681D71}.Release|Any CPU.ActiveCfg = Release|Any CPU
		{71D83417-E919-4D2B-AE2C-C4BD0A681D71}.Release|Any CPU.Build.0 = Release|Any CPU
		{839E1786-ADA9-41D4-A643-C2E53FF893A6}.Debug|Any CPU.ActiveCfg = Debug|Any CPU
		{839E1786-ADA9-41D4-A643-C2E53FF893A6}.Debug|Any CPU.Build.0 = Debug|Any CPU
		{839E1786-ADA9-41D4-A643-C2E53FF893A6}.Release|Any CPU.ActiveCfg = Release|Any CPU
		{839E1786-ADA9-41D4-A643-C2E53FF893A6}.Release|Any CPU.Build.0 = Release|Any CPU
		{1ED3B786-022D-4DB9-B9C0-20B2E1C147B5}.Debug|Any CPU.ActiveCfg = Debug|Any CPU
		{1ED3B786-022D-4DB9-B9C0-20B2E1C147B5}.Debug|Any CPU.Build.0 = Debug|Any CPU
		{1ED3B786-022D-4DB9-B9C0-20B2E1C147B5}.Release|Any CPU.ActiveCfg = Release|Any CPU
		{1ED3B786-022D-4DB9-B9C0-20B2E1C147B5}.Release|Any CPU.Build.0 = Release|Any CPU
		{8DBDEADA-23E0-4F59-829C-91DD12481190}.Debug|Any CPU.ActiveCfg = Debug|Any CPU
		{8DBDEADA-23E0-4F59-829C-91DD12481190}.Debug|Any CPU.Build.0 = Debug|Any CPU
		{8DBDEADA-23E0-4F59-829C-91DD12481190}.Release|Any CPU.ActiveCfg = Release|Any CPU
		{8DBDEADA-23E0-4F59-829C-91DD12481190}.Release|Any CPU.Build.0 = Release|Any CPU
		{E3C0CBB6-80DC-44B4-8042-FF9ED281FCDF}.Debug|Any CPU.ActiveCfg = Debug|Any CPU
		{E3C0CBB6-80DC-44B4-8042-FF9ED281FCDF}.Debug|Any CPU.Build.0 = Debug|Any CPU
		{E3C0CBB6-80DC-44B4-8042-FF9ED281FCDF}.Release|Any CPU.ActiveCfg = Release|Any CPU
		{E3C0CBB6-80DC-44B4-8042-FF9ED281FCDF}.Release|Any CPU.Build.0 = Release|Any CPU
		{BD34E726-ACF4-40D6-91C0-9EDD1FE2861F}.Debug|Any CPU.ActiveCfg = Debug|Any CPU
		{BD34E726-ACF4-40D6-91C0-9EDD1FE2861F}.Debug|Any CPU.Build.0 = Debug|Any CPU
		{BD34E726-ACF4-40D6-91C0-9EDD1FE2861F}.Release|Any CPU.ActiveCfg = Release|Any CPU
		{BD34E726-ACF4-40D6-91C0-9EDD1FE2861F}.Release|Any CPU.Build.0 = Release|Any CPU
	EndGlobalSection
	GlobalSection(SolutionProperties) = preSolution
		HideSolutionNode = FALSE
	EndGlobalSection
	GlobalSection(NestedProjects) = preSolution
		{8EB3FFCE-8EFE-494F-B244-B7764450E4CB} = {3B3CD3B0-4B0E-4EB4-B887-BF4DF1BE9092}
		{649F0AAC-DAF0-4C3A-ACD5-19F57DD7286E} = {8EB3FFCE-8EFE-494F-B244-B7764450E4CB}
		{7859E783-43BE-4813-917B-128BB505A70E} = {8253DF52-8B52-463F-B4CD-7BE8AAB7B8C9}
		{B774BF4A-AFBD-4D97-A032-5AD15952717C} = {55FC9DD6-690E-4D09-8DEE-82CBD2C9601F}
		{FAE74236-7757-4F01-A19A-277C6FA5A798} = {3B3CD3B0-4B0E-4EB4-B887-BF4DF1BE9092}
		{2F631C61-A87A-48AD-B0ED-E6A227454BC6} = {FAE74236-7757-4F01-A19A-277C6FA5A798}
		{9A184727-6635-4D3C-8231-48E594D3EE3B} = {3B3CD3B0-4B0E-4EB4-B887-BF4DF1BE9092}
		{795D834E-AF5B-415D-B831-7B27F4A75BC1} = {9A184727-6635-4D3C-8231-48E594D3EE3B}
		{4D8B8486-7164-4128-90FF-0CE91AA49438} = {3B3CD3B0-4B0E-4EB4-B887-BF4DF1BE9092}
		{8D35C524-97CF-43D1-B641-6DCE9F1C6F8B} = {4D8B8486-7164-4128-90FF-0CE91AA49438}
		{C098C830-EE27-41A4-AD71-9961298B3565} = {3B3CD3B0-4B0E-4EB4-B887-BF4DF1BE9092}
		{71D83417-E919-4D2B-AE2C-C4BD0A681D71} = {C098C830-EE27-41A4-AD71-9961298B3565}
		{839E1786-ADA9-41D4-A643-C2E53FF893A6} = {C098C830-EE27-41A4-AD71-9961298B3565}
		{1ED3B786-022D-4DB9-B9C0-20B2E1C147B5} = {C098C830-EE27-41A4-AD71-9961298B3565}
		{8DBDEADA-23E0-4F59-829C-91DD12481190} = {C098C830-EE27-41A4-AD71-9961298B3565}
		{E3C0CBB6-80DC-44B4-8042-FF9ED281FCDF} = {C098C830-EE27-41A4-AD71-9961298B3565}
		{499E84F3-3636-44ED-BFE0-69130C4246A4} = {3B3CD3B0-4B0E-4EB4-B887-BF4DF1BE9092}
		{BD34E726-ACF4-40D6-91C0-9EDD1FE2861F} = {499E84F3-3636-44ED-BFE0-69130C4246A4}
	EndGlobalSection
	GlobalSection(ExtensibilityGlobals) = postSolution
		SolutionGuid = {7B249808-4A1C-4C5E-98A5-A2684DC275B7}
	EndGlobalSection
EndGlobal
